dependencies:
  espressif/mdns:
    component_hash: af6306fe65d637a3683d1cf671508fcedd6b05f9ca029a8815abeab64001fb8d
    dependencies:
    - name: idf
      require: private
      version: '>=5.0'
    source:
      registry_url: https://components.espressif.com/
      type: service
    version: 1.4.0
  idf:
    source:
      type: idf
    version: 5.4.1
direct_dependencies:
- espressif/mdns
- idf
manifest_hash: e2496bff37283a7d3c5277389d4fe30e84b979ade593ecbc12a36ff0891ccc65
target: esp32s3
version: 2.0.0
